// !$*UTF8*$!
{
	archiveVersion = 1;
	classes = {
	};
	objectVersion = 51;
	objects = {

/* Begin PBXBuildFile section */
		039EB590FB2DFE5C040F94AB /* Pods_feather_weather_2_0Tests.framework in Frameworks */ = {isa = PBXBuildFile; fileRef = D805E79BD089F961480616FF /* Pods_feather_weather_2_0Tests.framework */; };
		0E8E390233250A01E93FFB2A /* Pods_feather_weather_2_0UITests.framework in Frameworks */ = {isa = PBXBuildFile; fileRef = 6A94715811D9FC36A4EA8732 /* Pods_feather_weather_2_0UITests.framework */; };
		B2D13127236E8447C5E7254D /* Pods_feather_weather_2_0.framework in Frameworks */ = {isa = PBXBuildFile; fileRef = C8F938199A9A311282FC9252 /* Pods_feather_weather_2_0.framework */; };
		C95011CB2310CA6500D739CB /* AppDelegate.swift in Sources */ = {isa = PBXBuildFile; fileRef = C95011CA2310CA6500D739CB /* AppDelegate.swift */; };
		C95011CD2310CA6500D739CB /* FirstViewController.swift in Sources */ = {isa = PBXBuildFile; fileRef = C95011CC2310CA6500D739CB /* FirstViewController.swift */; };
		C95011CF2310CA6500D739CB /* SecondViewController.swift in Sources */ = {isa = PBXBuildFile; fileRef = C95011CE2310CA6500D739CB /* SecondViewController.swift */; };
		C95011D22310CA6500D739CB /* Main.storyboard in Resources */ = {isa = PBXBuildFile; fileRef = C95011D02310CA6500D739CB /* Main.storyboard */; };
		C95011D42310CA6600D739CB /* Assets.xcassets in Resources */ = {isa = PBXBuildFile; fileRef = C95011D32310CA6600D739CB /* Assets.xcassets */; };
		C95011D72310CA6600D739CB /* LaunchScreen.storyboard in Resources */ = {isa = PBXBuildFile; fileRef = C95011D52310CA6600D739CB /* LaunchScreen.storyboard */; };
		C95011E22310CA6600D739CB /* feather_weather_2_0Tests.swift in Sources */ = {isa = PBXBuildFile; fileRef = C95011E12310CA6600D739CB /* feather_weather_2_0Tests.swift */; };
		C95011ED2310CA6600D739CB /* feather_weather_2_0UITests.swift in Sources */ = {isa = PBXBuildFile; fileRef = C95011EC2310CA6600D739CB /* feather_weather_2_0UITests.swift */; };
		C9E153522310EA93005E8746 /* 13d.mp4 in Resources */ = {isa = PBXBuildFile; fileRef = C9E153492310EA92005E8746 /* 13d.mp4 */; };
		C9E153532310EA93005E8746 /* 02d.mp4 in Resources */ = {isa = PBXBuildFile; fileRef = C9E1534A2310EA92005E8746 /* 02d.mp4 */; };
		C9E153542310EA93005E8746 /* 50d.mp4 in Resources */ = {isa = PBXBuildFile; fileRef = C9E1534B2310EA92005E8746 /* 50d.mp4 */; };
		C9E153552310EA93005E8746 /* 09d.mp4 in Resources */ = {isa = PBXBuildFile; fileRef = C9E1534C2310EA93005E8746 /* 09d.mp4 */; };
		C9E153562310EA93005E8746 /* 10d.mp4 in Resources */ = {isa = PBXBuildFile; fileRef = C9E1534D2310EA93005E8746 /* 10d.mp4 */; };
		C9E153572310EA93005E8746 /* 01n.mp4 in Resources */ = {isa = PBXBuildFile; fileRef = C9E1534E2310EA93005E8746 /* 01n.mp4 */; };
		C9E153582310EA93005E8746 /* 01d.mp4 in Resources */ = {isa = PBXBuildFile; fileRef = C9E1534F2310EA93005E8746 /* 01d.mp4 */; };
		C9E153592310EA93005E8746 /* 02n.mp4 in Resources */ = {isa = PBXBuildFile; fileRef = C9E153502310EA93005E8746 /* 02n.mp4 */; };
		C9E1535A2310EA93005E8746 /* 11d.mp4 in Resources */ = {isa = PBXBuildFile; fileRef = C9E153512310EA93005E8746 /* 11d.mp4 */; };
/* End PBXBuildFile section */

/* Begin PBXContainerItemProxy section */
		C95011DE2310CA6600D739CB /* PBXContainerItemProxy */ = {
			isa = PBXContainerItemProxy;
			containerPortal = C95011BF2310CA6500D739CB /* Project object */;
			proxyType = 1;
			remoteGlobalIDString = C95011C62310CA6500D739CB;
			remoteInfo = "feather-weather-2.0";
		};
		C95011E92310CA6600D739CB /* PBXContainerItemProxy */ = {
			isa = PBXContainerItemProxy;
			containerPortal = C95011BF2310CA6500D739CB /* Project object */;
			proxyType = 1;
			remoteGlobalIDString = C95011C62310CA6500D739CB;
			remoteInfo = "feather-weather-2.0";
		};
/* End PBXContainerItemProxy section */

/* Begin PBXFileReference section */
		5895763833ED2C09D8D94943 /* Pods-feather-weather-2.0Tests.release.xcconfig */ = {isa = PBXFileReference; includeInIndex = 1; lastKnownFileType = text.xcconfig; name = "Pods-feather-weather-2.0Tests.release.xcconfig"; path = "Target Support Files/Pods-feather-weather-2.0Tests/Pods-feather-weather-2.0Tests.release.xcconfig"; sourceTree = "<group>"; };
		679232AF7737A346606A301E /* Pods-feather-weather-2.0UITests.debug.xcconfig */ = {isa = PBXFileReference; includeInIndex = 1; lastKnownFileType = text.xcconfig; name = "Pods-feather-weather-2.0UITests.debug.xcconfig"; path = "Target Support Files/Pods-feather-weather-2.0UITests/Pods-feather-weather-2.0UITests.debug.xcconfig"; sourceTree = "<group>"; };
		6A94715811D9FC36A4EA8732 /* Pods_feather_weather_2_0UITests.framework */ = {isa = PBXFileReference; explicitFileType = wrapper.framework; includeInIndex = 0; path = Pods_feather_weather_2_0UITests.framework; sourceTree = BUILT_PRODUCTS_DIR; };
		B0C8232BAD038D552F57A614 /* Pods-feather-weather-2.0Tests.debug.xcconfig */ = {isa = PBXFileReference; includeInIndex = 1; lastKnownFileType = text.xcconfig; name = "Pods-feather-weather-2.0Tests.debug.xcconfig"; path = "Target Support Files/Pods-feather-weather-2.0Tests/Pods-feather-weather-2.0Tests.debug.xcconfig"; sourceTree = "<group>"; };
		C0A739442A6B251AA42AE17C /* Pods-feather-weather-2.0UITests.release.xcconfig */ = {isa = PBXFileReference; includeInIndex = 1; lastKnownFileType = text.xcconfig; name = "Pods-feather-weather-2.0UITests.release.xcconfig"; path = "Target Support Files/Pods-feather-weather-2.0UITests/Pods-feather-weather-2.0UITests.release.xcconfig"; sourceTree = "<group>"; };
		C62BACACBB340097F784BF6B /* Pods-feather-weather-2.0.debug.xcconfig */ = {isa = PBXFileReference; includeInIndex = 1; lastKnownFileType = text.xcconfig; name = "Pods-feather-weather-2.0.debug.xcconfig"; path = "Target Support Files/Pods-feather-weather-2.0/Pods-feather-weather-2.0.debug.xcconfig"; sourceTree = "<group>"; };
		C8F938199A9A311282FC9252 /* Pods_feather_weather_2_0.framework */ = {isa = PBXFileReference; explicitFileType = wrapper.framework; includeInIndex = 0; path = Pods_feather_weather_2_0.framework; sourceTree = BUILT_PRODUCTS_DIR; };
		C95011C72310CA6500D739CB /* feather-weather-2.0.app */ = {isa = PBXFileReference; explicitFileType = wrapper.application; includeInIndex = 0; path = "feather-weather-2.0.app"; sourceTree = BUILT_PRODUCTS_DIR; };
		C95011CA2310CA6500D739CB /* AppDelegate.swift */ = {isa = PBXFileReference; lastKnownFileType = sourcecode.swift; path = AppDelegate.swift; sourceTree = "<group>"; };
		C95011CC2310CA6500D739CB /* FirstViewController.swift */ = {isa = PBXFileReference; lastKnownFileType = sourcecode.swift; path = FirstViewController.swift; sourceTree = "<group>"; };
		C95011CE2310CA6500D739CB /* SecondViewController.swift */ = {isa = PBXFileReference; lastKnownFileType = sourcecode.swift; path = SecondViewController.swift; sourceTree = "<group>"; };
		C95011D12310CA6500D739CB /* Base */ = {isa = PBXFileReference; lastKnownFileType = file.storyboard; name = Base; path = Base.lproj/Main.storyboard; sourceTree = "<group>"; };
		C95011D32310CA6600D739CB /* Assets.xcassets */ = {isa = PBXFileReference; lastKnownFileType = folder.assetcatalog; path = Assets.xcassets; sourceTree = "<group>"; };
		C95011D62310CA6600D739CB /* Base */ = {isa = PBXFileReference; lastKnownFileType = file.storyboard; name = Base; path = Base.lproj/LaunchScreen.storyboard; sourceTree = "<group>"; };
		C95011D82310CA6600D739CB /* Info.plist */ = {isa = PBXFileReference; lastKnownFileType = text.plist.xml; path = Info.plist; sourceTree = "<group>"; };
		C95011DD2310CA6600D739CB /* feather-weather-2.0Tests.xctest */ = {isa = PBXFileReference; explicitFileType = wrapper.cfbundle; includeInIndex = 0; path = "feather-weather-2.0Tests.xctest"; sourceTree = BUILT_PRODUCTS_DIR; };
		C95011E12310CA6600D739CB /* feather_weather_2_0Tests.swift */ = {isa = PBXFileReference; lastKnownFileType = sourcecode.swift; path = feather_weather_2_0Tests.swift; sourceTree = "<group>"; };
		C95011E32310CA6600D739CB /* Info.plist */ = {isa = PBXFileReference; lastKnownFileType = text.plist.xml; path = Info.plist; sourceTree = "<group>"; };
		C95011E82310CA6600D739CB /* feather-weather-2.0UITests.xctest */ = {isa = PBXFileReference; explicitFileType = wrapper.cfbundle; includeInIndex = 0; path = "feather-weather-2.0UITests.xctest"; sourceTree = BUILT_PRODUCTS_DIR; };
		C95011EC2310CA6600D739CB /* feather_weather_2_0UITests.swift */ = {isa = PBXFileReference; lastKnownFileType = sourcecode.swift; path = feather_weather_2_0UITests.swift; sourceTree = "<group>"; };
		C95011EE2310CA6600D739CB /* Info.plist */ = {isa = PBXFileReference; lastKnownFileType = text.plist.xml; path = Info.plist; sourceTree = "<group>"; };
		C9E153492310EA92005E8746 /* 13d.mp4 */ = {isa = PBXFileReference; lastKnownFileType = file; name = 13d.mp4; path = assets/13d.mp4; sourceTree = SOURCE_ROOT; };
		C9E1534A2310EA92005E8746 /* 02d.mp4 */ = {isa = PBXFileReference; lastKnownFileType = file; name = 02d.mp4; path = assets/02d.mp4; sourceTree = SOURCE_ROOT; };
		C9E1534B2310EA92005E8746 /* 50d.mp4 */ = {isa = PBXFileReference; lastKnownFileType = file; name = 50d.mp4; path = assets/50d.mp4; sourceTree = SOURCE_ROOT; };
		C9E1534C2310EA93005E8746 /* 09d.mp4 */ = {isa = PBXFileReference; lastKnownFileType = file; name = 09d.mp4; path = assets/09d.mp4; sourceTree = SOURCE_ROOT; };
		C9E1534D2310EA93005E8746 /* 10d.mp4 */ = {isa = PBXFileReference; lastKnownFileType = file; name = 10d.mp4; path = assets/10d.mp4; sourceTree = SOURCE_ROOT; };
		C9E1534E2310EA93005E8746 /* 01n.mp4 */ = {isa = PBXFileReference; lastKnownFileType = file; name = 01n.mp4; path = assets/01n.mp4; sourceTree = SOURCE_ROOT; };
		C9E1534F2310EA93005E8746 /* 01d.mp4 */ = {isa = PBXFileReference; lastKnownFileType = file; name = 01d.mp4; path = assets/01d.mp4; sourceTree = SOURCE_ROOT; };
		C9E153502310EA93005E8746 /* 02n.mp4 */ = {isa = PBXFileReference; lastKnownFileType = file; name = 02n.mp4; path = assets/02n.mp4; sourceTree = SOURCE_ROOT; };
		C9E153512310EA93005E8746 /* 11d.mp4 */ = {isa = PBXFileReference; lastKnownFileType = file; name = 11d.mp4; path = assets/11d.mp4; sourceTree = SOURCE_ROOT; };
		D805E79BD089F961480616FF /* Pods_feather_weather_2_0Tests.framework */ = {isa = PBXFileReference; explicitFileType = wrapper.framework; includeInIndex = 0; path = Pods_feather_weather_2_0Tests.framework; sourceTree = BUILT_PRODUCTS_DIR; };
		F6C056CB065549FCC8CDB8EE /* Pods-feather-weather-2.0.release.xcconfig */ = {isa = PBXFileReference; includeInIndex = 1; lastKnownFileType = text.xcconfig; name = "Pods-feather-weather-2.0.release.xcconfig"; path = "Target Support Files/Pods-feather-weather-2.0/Pods-feather-weather-2.0.release.xcconfig"; sourceTree = "<group>"; };
/* End PBXFileReference section */

/* Begin PBXFrameworksBuildPhase section */
		C95011C42310CA6500D739CB /* Frameworks */ = {
			isa = PBXFrameworksBuildPhase;
			buildActionMask = 2147483647;
			files = (
				B2D13127236E8447C5E7254D /* Pods_feather_weather_2_0.framework in Frameworks */,
			);
			runOnlyForDeploymentPostprocessing = 0;
		};
		C95011DA2310CA6600D739CB /* Frameworks */ = {
			isa = PBXFrameworksBuildPhase;
			buildActionMask = 2147483647;
			files = (
				039EB590FB2DFE5C040F94AB /* Pods_feather_weather_2_0Tests.framework in Frameworks */,
			);
			runOnlyForDeploymentPostprocessing = 0;
		};
		C95011E52310CA6600D739CB /* Frameworks */ = {
			isa = PBXFrameworksBuildPhase;
			buildActionMask = 2147483647;
			files = (
				0E8E390233250A01E93FFB2A /* Pods_feather_weather_2_0UITests.framework in Frameworks */,
			);
			runOnlyForDeploymentPostprocessing = 0;
		};
/* End PBXFrameworksBuildPhase section */

/* Begin PBXGroup section */
		40DA1D8BADE7627C7188D5EA /* Pods */ = {
			isa = PBXGroup;
			children = (
				C62BACACBB340097F784BF6B /* Pods-feather-weather-2.0.debug.xcconfig */,
				F6C056CB065549FCC8CDB8EE /* Pods-feather-weather-2.0.release.xcconfig */,
				B0C8232BAD038D552F57A614 /* Pods-feather-weather-2.0Tests.debug.xcconfig */,
				5895763833ED2C09D8D94943 /* Pods-feather-weather-2.0Tests.release.xcconfig */,
				679232AF7737A346606A301E /* Pods-feather-weather-2.0UITests.debug.xcconfig */,
				C0A739442A6B251AA42AE17C /* Pods-feather-weather-2.0UITests.release.xcconfig */,
			);
			path = Pods;
			sourceTree = "<group>";
		};
		C95011BE2310CA6500D739CB = {
			isa = PBXGroup;
			children = (
				C95011C92310CA6500D739CB /* feather-weather-2.0 */,
				C95011E02310CA6600D739CB /* feather-weather-2.0Tests */,
				C95011EB2310CA6600D739CB /* feather-weather-2.0UITests */,
				C95011C82310CA6500D739CB /* Products */,
				40DA1D8BADE7627C7188D5EA /* Pods */,
				EE076FBDFABD7FF2409658B7 /* Frameworks */,
			);
			sourceTree = "<group>";
		};
		C95011C82310CA6500D739CB /* Products */ = {
			isa = PBXGroup;
			children = (
				C95011C72310CA6500D739CB /* feather-weather-2.0.app */,
				C95011DD2310CA6600D739CB /* feather-weather-2.0Tests.xctest */,
				C95011E82310CA6600D739CB /* feather-weather-2.0UITests.xctest */,
			);
			name = Products;
			sourceTree = "<group>";
		};
		C95011C92310CA6500D739CB /* feather-weather-2.0 */ = {
			isa = PBXGroup;
			children = (
				C95011CA2310CA6500D739CB /* AppDelegate.swift */,
				C95011CC2310CA6500D739CB /* FirstViewController.swift */,
				C95011CE2310CA6500D739CB /* SecondViewController.swift */,
				C95011D02310CA6500D739CB /* Main.storyboard */,
				C95011D32310CA6600D739CB /* Assets.xcassets */,
				C95011D52310CA6600D739CB /* LaunchScreen.storyboard */,
				C95011D82310CA6600D739CB /* Info.plist */,
				C9E1534F2310EA93005E8746 /* 01d.mp4 */,
				C9E1534E2310EA93005E8746 /* 01n.mp4 */,
				C9E1534A2310EA92005E8746 /* 02d.mp4 */,
				C9E153502310EA93005E8746 /* 02n.mp4 */,
				C9E1534C2310EA93005E8746 /* 09d.mp4 */,
				C9E1534D2310EA93005E8746 /* 10d.mp4 */,
				C9E153512310EA93005E8746 /* 11d.mp4 */,
				C9E153492310EA92005E8746 /* 13d.mp4 */,
				C9E1534B2310EA92005E8746 /* 50d.mp4 */,
			);
			path = "feather-weather-2.0";
			sourceTree = "<group>";
		};
		C95011E02310CA6600D739CB /* feather-weather-2.0Tests */ = {
			isa = PBXGroup;
			children = (
				C95011E12310CA6600D739CB /* feather_weather_2_0Tests.swift */,
				C95011E32310CA6600D739CB /* Info.plist */,
			);
			path = "feather-weather-2.0Tests";
			sourceTree = "<group>";
		};
		C95011EB2310CA6600D739CB /* feather-weather-2.0UITests */ = {
			isa = PBXGroup;
			children = (
				C95011EC2310CA6600D739CB /* feather_weather_2_0UITests.swift */,
				C95011EE2310CA6600D739CB /* Info.plist */,
			);
			path = "feather-weather-2.0UITests";
			sourceTree = "<group>";
		};
		EE076FBDFABD7FF2409658B7 /* Frameworks */ = {
			isa = PBXGroup;
			children = (
				C8F938199A9A311282FC9252 /* Pods_feather_weather_2_0.framework */,
				D805E79BD089F961480616FF /* Pods_feather_weather_2_0Tests.framework */,
				6A94715811D9FC36A4EA8732 /* Pods_feather_weather_2_0UITests.framework */,
			);
			name = Frameworks;
			sourceTree = "<group>";
		};
/* End PBXGroup section */

/* Begin PBXNativeTarget section */
		C95011C62310CA6500D739CB /* feather-weather-2.0 */ = {
			isa = PBXNativeTarget;
			buildConfigurationList = C95011F12310CA6600D739CB /* Build configuration list for PBXNativeTarget "feather-weather-2.0" */;
			buildPhases = (
				6A64D3DB1CA51FB857BB3660 /* [CP] Check Pods Manifest.lock */,
				C95011C32310CA6500D739CB /* Sources */,
				C95011C42310CA6500D739CB /* Frameworks */,
				C95011C52310CA6500D739CB /* Resources */,
				AA97B566FFC2AB35B183FA62 /* [CP] Embed Pods Frameworks */,
			);
			buildRules = (
			);
			dependencies = (
			);
			name = "feather-weather-2.0";
			productName = "feather-weather-2.0";
			productReference = C95011C72310CA6500D739CB /* feather-weather-2.0.app */;
			productType = "com.apple.product-type.application";
		};
		C95011DC2310CA6600D739CB /* feather-weather-2.0Tests */ = {
			isa = PBXNativeTarget;
			buildConfigurationList = C95011F42310CA6600D739CB /* Build configuration list for PBXNativeTarget "feather-weather-2.0Tests" */;
			buildPhases = (
				670DE74679326D547C34714E /* [CP] Check Pods Manifest.lock */,
				C95011D92310CA6600D739CB /* Sources */,
				C95011DA2310CA6600D739CB /* Frameworks */,
				C95011DB2310CA6600D739CB /* Resources */,
			);
			buildRules = (
			);
			dependencies = (
				C95011DF2310CA6600D739CB /* PBXTargetDependency */,
			);
			name = "feather-weather-2.0Tests";
			productName = "feather-weather-2.0Tests";
			productReference = C95011DD2310CA6600D739CB /* feather-weather-2.0Tests.xctest */;
			productType = "com.apple.product-type.bundle.unit-test";
		};
		C95011E72310CA6600D739CB /* feather-weather-2.0UITests */ = {
			isa = PBXNativeTarget;
			buildConfigurationList = C95011F72310CA6600D739CB /* Build configuration list for PBXNativeTarget "feather-weather-2.0UITests" */;
			buildPhases = (
				DA2DC2B65895E6CDF142E3F9 /* [CP] Check Pods Manifest.lock */,
				C95011E42310CA6600D739CB /* Sources */,
				C95011E52310CA6600D739CB /* Frameworks */,
				C95011E62310CA6600D739CB /* Resources */,
			);
			buildRules = (
			);
			dependencies = (
				C95011EA2310CA6600D739CB /* PBXTargetDependency */,
			);
			name = "feather-weather-2.0UITests";
			productName = "feather-weather-2.0UITests";
			productReference = C95011E82310CA6600D739CB /* feather-weather-2.0UITests.xctest */;
			productType = "com.apple.product-type.bundle.ui-testing";
		};
/* End PBXNativeTarget section */

/* Begin PBXProject section */
		C95011BF2310CA6500D739CB /* Project object */ = {
			isa = PBXProject;
			attributes = {
				LastSwiftUpdateCheck = 1030;
				LastUpgradeCheck = 1030;
				ORGANIZATIONNAME = "Mukh LTD";
				TargetAttributes = {
					C95011C62310CA6500D739CB = {
						CreatedOnToolsVersion = 10.3;
					};
					C95011DC2310CA6600D739CB = {
						CreatedOnToolsVersion = 10.3;
						TestTargetID = C95011C62310CA6500D739CB;
					};
					C95011E72310CA6600D739CB = {
						CreatedOnToolsVersion = 10.3;
						TestTargetID = C95011C62310CA6500D739CB;
					};
				};
			};
			buildConfigurationList = C95011C22310CA6500D739CB /* Build configuration list for PBXProject "feather-weather-2.0" */;
			compatibilityVersion = "Xcode 9.3";
			developmentRegion = en;
			hasScannedForEncodings = 0;
			knownRegions = (
				en,
				Base,
			);
			mainGroup = C95011BE2310CA6500D739CB;
			productRefGroup = C95011C82310CA6500D739CB /* Products */;
			projectDirPath = "";
			projectRoot = "";
			targets = (
				C95011C62310CA6500D739CB /* feather-weather-2.0 */,
				C95011DC2310CA6600D739CB /* feather-weather-2.0Tests */,
				C95011E72310CA6600D739CB /* feather-weather-2.0UITests */,
			);
		};
/* End PBXProject section */

/* Begin PBXResourcesBuildPhase section */
		C95011C52310CA6500D739CB /* Resources */ = {
			isa = PBXResourcesBuildPhase;
			buildActionMask = 2147483647;
			files = (
				C9E1535A2310EA93005E8746 /* 11d.mp4 in Resources */,
				C9E153552310EA93005E8746 /* 09d.mp4 in Resources */,
				C95011D72310CA6600D739CB /* LaunchScreen.storyboard in Resources */,
				C95011D42310CA6600D739CB /* Assets.xcassets in Resources */,
				C9E153592310EA93005E8746 /* 02n.mp4 in Resources */,
				C9E153572310EA93005E8746 /* 01n.mp4 in Resources */,
				C9E153562310EA93005E8746 /* 10d.mp4 in Resources */,
				C9E153582310EA93005E8746 /* 01d.mp4 in Resources */,
				C9E153522310EA93005E8746 /* 13d.mp4 in Resources */,
				C9E153542310EA93005E8746 /* 50d.mp4 in Resources */,
				C9E153532310EA93005E8746 /* 02d.mp4 in Resources */,
				C95011D22310CA6500D739CB /* Main.storyboard in Resources */,
			);
			runOnlyForDeploymentPostprocessing = 0;
		};
		C95011DB2310CA6600D739CB /* Resources */ = {
			isa = PBXResourcesBuildPhase;
			buildActionMask = 2147483647;
			files = (
			);
			runOnlyForDeploymentPostprocessing = 0;
		};
		C95011E62310CA6600D739CB /* Resources */ = {
			isa = PBXResourcesBuildPhase;
			buildActionMask = 2147483647;
			files = (
			);
			runOnlyForDeploymentPostprocessing = 0;
		};
/* End PBXResourcesBuildPhase section */

/* Begin PBXShellScriptBuildPhase section */
		670DE74679326D547C34714E /* [CP] Check Pods Manifest.lock */ = {
			isa = PBXShellScriptBuildPhase;
			buildActionMask = 2147483647;
			files = (
			);
			inputFileListPaths = (
			);
			inputPaths = (
				"${PODS_PODFILE_DIR_PATH}/Podfile.lock",
				"${PODS_ROOT}/Manifest.lock",
			);
			name = "[CP] Check Pods Manifest.lock";
			outputFileListPaths = (
			);
			outputPaths = (
				"$(DERIVED_FILE_DIR)/Pods-feather-weather-2.0Tests-checkManifestLockResult.txt",
			);
			runOnlyForDeploymentPostprocessing = 0;
			shellPath = /bin/sh;
			shellScript = "diff \"${PODS_PODFILE_DIR_PATH}/Podfile.lock\" \"${PODS_ROOT}/Manifest.lock\" > /dev/null\nif [ $? != 0 ] ; then\n    # print error to STDERR\n    echo \"error: The sandbox is not in sync with the Podfile.lock. Run 'pod install' or update your CocoaPods installation.\" >&2\n    exit 1\nfi\n# This output is used by Xcode 'outputs' to avoid re-running this script phase.\necho \"SUCCESS\" > \"${SCRIPT_OUTPUT_FILE_0}\"\n";
			showEnvVarsInLog = 0;
		};
		6A64D3DB1CA51FB857BB3660 /* [CP] Check Pods Manifest.lock */ = {
			isa = PBXShellScriptBuildPhase;
			buildActionMask = 2147483647;
			files = (
			);
			inputFileListPaths = (
			);
			inputPaths = (
				"${PODS_PODFILE_DIR_PATH}/Podfile.lock",
				"${PODS_ROOT}/Manifest.lock",
			);
			name = "[CP] Check Pods Manifest.lock";
			outputFileListPaths = (
			);
			outputPaths = (
				"$(DERIVED_FILE_DIR)/Pods-feather-weather-2.0-checkManifestLockResult.txt",
			);
			runOnlyForDeploymentPostprocessing = 0;
			shellPath = /bin/sh;
			shellScript = "diff \"${PODS_PODFILE_DIR_PATH}/Podfile.lock\" \"${PODS_ROOT}/Manifest.lock\" > /dev/null\nif [ $? != 0 ] ; then\n    # print error to STDERR\n    echo \"error: The sandbox is not in sync with the Podfile.lock. Run 'pod install' or update your CocoaPods installation.\" >&2\n    exit 1\nfi\n# This output is used by Xcode 'outputs' to avoid re-running this script phase.\necho \"SUCCESS\" > \"${SCRIPT_OUTPUT_FILE_0}\"\n";
			showEnvVarsInLog = 0;
		};
		AA97B566FFC2AB35B183FA62 /* [CP] Embed Pods Frameworks */ = {
			isa = PBXShellScriptBuildPhase;
			buildActionMask = 2147483647;
			files = (
			);
			inputFileListPaths = (
				"${PODS_ROOT}/Target Support Files/Pods-feather-weather-2.0/Pods-feather-weather-2.0-frameworks-${CONFIGURATION}-input-files.xcfilelist",
			);
			name = "[CP] Embed Pods Frameworks";
			outputFileListPaths = (
				"${PODS_ROOT}/Target Support Files/Pods-feather-weather-2.0/Pods-feather-weather-2.0-frameworks-${CONFIGURATION}-output-files.xcfilelist",
			);
			runOnlyForDeploymentPostprocessing = 0;
			shellPath = /bin/sh;
			shellScript = "\"${PODS_ROOT}/Target Support Files/Pods-feather-weather-2.0/Pods-feather-weather-2.0-frameworks.sh\"\n";
			showEnvVarsInLog = 0;
		};
		DA2DC2B65895E6CDF142E3F9 /* [CP] Check Pods Manifest.lock */ = {
			isa = PBXShellScriptBuildPhase;
			buildActionMask = 2147483647;
			files = (
			);
			inputFileListPaths = (
			);
			inputPaths = (
				"${PODS_PODFILE_DIR_PATH}/Podfile.lock",
				"${PODS_ROOT}/Manifest.lock",
			);
			name = "[CP] Check Pods Manifest.lock";
			outputFileListPaths = (
			);
			outputPaths = (
				"$(DERIVED_FILE_DIR)/Pods-feather-weather-2.0UITests-checkManifestLockResult.txt",
			);
			runOnlyForDeploymentPostprocessing = 0;
			shellPath = /bin/sh;
			shellScript = "diff \"${PODS_PODFILE_DIR_PATH}/Podfile.lock\" \"${PODS_ROOT}/Manifest.lock\" > /dev/null\nif [ $? != 0 ] ; then\n    # print error to STDERR\n    echo \"error: The sandbox is not in sync with the Podfile.lock. Run 'pod install' or update your CocoaPods installation.\" >&2\n    exit 1\nfi\n# This output is used by Xcode 'outputs' to avoid re-running this script phase.\necho \"SUCCESS\" > \"${SCRIPT_OUTPUT_FILE_0}\"\n";
			showEnvVarsInLog = 0;
		};
/* End PBXShellScriptBuildPhase section */

/* Begin PBXSourcesBuildPhase section */
		C95011C32310CA6500D739CB /* Sources */ = {
			isa = PBXSourcesBuildPhase;
			buildActionMask = 2147483647;
			files = (
				C95011CF2310CA6500D739CB /* SecondViewController.swift in Sources */,
				C95011CB2310CA6500D739CB /* AppDelegate.swift in Sources */,
				C95011CD2310CA6500D739CB /* FirstViewController.swift in Sources */,
			);
			runOnlyForDeploymentPostprocessing = 0;
		};
		C95011D92310CA6600D739CB /* Sources */ = {
			isa = PBXSourcesBuildPhase;
			buildActionMask = 2147483647;
			files = (
				C95011E22310CA6600D739CB /* feather_weather_2_0Tests.swift in Sources */,
			);
			runOnlyForDeploymentPostprocessing = 0;
		};
		C95011E42310CA6600D739CB /* Sources */ = {
			isa = PBXSourcesBuildPhase;
			buildActionMask = 2147483647;
			files = (
				C95011ED2310CA6600D739CB /* feather_weather_2_0UITests.swift in Sources */,
			);
			runOnlyForDeploymentPostprocessing = 0;
		};
/* End PBXSourcesBuildPhase section */

/* Begin PBXTargetDependency section */
		C95011DF2310CA6600D739CB /* PBXTargetDependency */ = {
			isa = PBXTargetDependency;
			target = C95011C62310CA6500D739CB /* feather-weather-2.0 */;
			targetProxy = C95011DE2310CA6600D739CB /* PBXContainerItemProxy */;
		};
		C95011EA2310CA6600D739CB /* PBXTargetDependency */ = {
			isa = PBXTargetDependency;
			target = C95011C62310CA6500D739CB /* feather-weather-2.0 */;
			targetProxy = C95011E92310CA6600D739CB /* PBXContainerItemProxy */;
		};
/* End PBXTargetDependency section */

/* Begin PBXVariantGroup section */
		C95011D02310CA6500D739CB /* Main.storyboard */ = {
			isa = PBXVariantGroup;
			children = (
				C95011D12310CA6500D739CB /* Base */,
			);
			name = Main.storyboard;
			sourceTree = "<group>";
		};
		C95011D52310CA6600D739CB /* LaunchScreen.storyboard */ = {
			isa = PBXVariantGroup;
			children = (
				C95011D62310CA6600D739CB /* Base */,
			);
			name = LaunchScreen.storyboard;
			sourceTree = "<group>";
		};
/* End PBXVariantGroup section */

/* Begin XCBuildConfiguration section */
		C95011EF2310CA6600D739CB /* Debug */ = {
			isa = XCBuildConfiguration;
			buildSettings = {
				ALWAYS_SEARCH_USER_PATHS = NO;
				CLANG_ANALYZER_NONNULL = YES;
				CLANG_ANALYZER_NUMBER_OBJECT_CONVERSION = YES_AGGRESSIVE;
				CLANG_CXX_LANGUAGE_STANDARD = "gnu++14";
				CLANG_CXX_LIBRARY = "libc++";
				CLANG_ENABLE_MODULES = YES;
				CLANG_ENABLE_OBJC_ARC = YES;
				CLANG_ENABLE_OBJC_WEAK = YES;
				CLANG_WARN_BLOCK_CAPTURE_AUTORELEASING = YES;
				CLANG_WARN_BOOL_CONVERSION = YES;
				CLANG_WARN_COMMA = YES;
				CLANG_WARN_CONSTANT_CONVERSION = YES;
				CLANG_WARN_DEPRECATED_OBJC_IMPLEMENTATIONS = YES;
				CLANG_WARN_DIRECT_OBJC_ISA_USAGE = YES_ERROR;
				CLANG_WARN_DOCUMENTATION_COMMENTS = YES;
				CLANG_WARN_EMPTY_BODY = YES;
				CLANG_WARN_ENUM_CONVERSION = YES;
				CLANG_WARN_INFINITE_RECURSION = YES;
				CLANG_WARN_INT_CONVERSION = YES;
				CLANG_WARN_NON_LITERAL_NULL_CONVERSION = YES;
				CLANG_WARN_OBJC_IMPLICIT_RETAIN_SELF = YES;
				CLANG_WARN_OBJC_LITERAL_CONVERSION = YES;
				CLANG_WARN_OBJC_ROOT_CLASS = YES_ERROR;
				CLANG_WARN_RANGE_LOOP_ANALYSIS = YES;
				CLANG_WARN_STRICT_PROTOTYPES = YES;
				CLANG_WARN_SUSPICIOUS_MOVE = YES;
				CLANG_WARN_UNGUARDED_AVAILABILITY = YES_AGGRESSIVE;
				CLANG_WARN_UNREACHABLE_CODE = YES;
				CLANG_WARN__DUPLICATE_METHOD_MATCH = YES;
				CODE_SIGN_IDENTITY = "iPhone Developer";
				COPY_PHASE_STRIP = NO;
				DEBUG_INFORMATION_FORMAT = dwarf;
				ENABLE_STRICT_OBJC_MSGSEND = YES;
				ENABLE_TESTABILITY = YES;
				GCC_C_LANGUAGE_STANDARD = gnu11;
				GCC_DYNAMIC_NO_PIC = NO;
				GCC_NO_COMMON_BLOCKS = YES;
				GCC_OPTIMIZATION_LEVEL = 0;
				GCC_PREPROCESSOR_DEFINITIONS = (
					"DEBUG=1",
					"$(inherited)",
				);
				GCC_WARN_64_TO_32_BIT_CONVERSION = YES;
				GCC_WARN_ABOUT_RETURN_TYPE = YES_ERROR;
				GCC_WARN_UNDECLARED_SELECTOR = YES;
				GCC_WARN_UNINITIALIZED_AUTOS = YES_AGGRESSIVE;
				GCC_WARN_UNUSED_FUNCTION = YES;
				GCC_WARN_UNUSED_VARIABLE = YES;
				IPHONEOS_DEPLOYMENT_TARGET = 12.4;
				MTL_ENABLE_DEBUG_INFO = INCLUDE_SOURCE;
				MTL_FAST_MATH = YES;
				ONLY_ACTIVE_ARCH = YES;
				SDKROOT = iphoneos;
				SWIFT_ACTIVE_COMPILATION_CONDITIONS = DEBUG;
				SWIFT_OPTIMIZATION_LEVEL = "-Onone";
			};
			name = Debug;
		};
		C95011F02310CA6600D739CB /* Release */ = {
			isa = XCBuildConfiguration;
			buildSettings = {
				ALWAYS_SEARCH_USER_PATHS = NO;
				CLANG_ANALYZER_NONNULL = YES;
				CLANG_ANALYZER_NUMBER_OBJECT_CONVERSION = YES_AGGRESSIVE;
				CLANG_CXX_LANGUAGE_STANDARD = "gnu++14";
				CLANG_CXX_LIBRARY = "libc++";
				CLANG_ENABLE_MODULES = YES;
				CLANG_ENABLE_OBJC_ARC = YES;
				CLANG_ENABLE_OBJC_WEAK = YES;
				CLANG_WARN_BLOCK_CAPTURE_AUTORELEASING = YES;
				CLANG_WARN_BOOL_CONVERSION = YES;
				CLANG_WARN_COMMA = YES;
				CLANG_WARN_CONSTANT_CONVERSION = YES;
				CLANG_WARN_DEPRECATED_OBJC_IMPLEMENTATIONS = YES;
				CLANG_WARN_DIRECT_OBJC_ISA_USAGE = YES_ERROR;
				CLANG_WARN_DOCUMENTATION_COMMENTS = YES;
				CLANG_WARN_EMPTY_BODY = YES;
				CLANG_WARN_ENUM_CONVERSION = YES;
				CLANG_WARN_INFINITE_RECURSION = YES;
				CLANG_WARN_INT_CONVERSION = YES;
				CLANG_WARN_NON_LITERAL_NULL_CONVERSION = YES;
				CLANG_WARN_OBJC_IMPLICIT_RETAIN_SELF = YES;
				CLANG_WARN_OBJC_LITERAL_CONVERSION = YES;
				CLANG_WARN_OBJC_ROOT_CLASS = YES_ERROR;
				CLANG_WARN_RANGE_LOOP_ANALYSIS = YES;
				CLANG_WARN_STRICT_PROTOTYPES = YES;
				CLANG_WARN_SUSPICIOUS_MOVE = YES;
				CLANG_WARN_UNGUARDED_AVAILABILITY = YES_AGGRESSIVE;
				CLANG_WARN_UNREACHABLE_CODE = YES;
				CLANG_WARN__DUPLICATE_METHOD_MATCH = YES;
				CODE_SIGN_IDENTITY = "iPhone Developer";
				COPY_PHASE_STRIP = NO;
				DEBUG_INFORMATION_FORMAT = "dwarf-with-dsym";
				ENABLE_NS_ASSERTIONS = NO;
				ENABLE_STRICT_OBJC_MSGSEND = YES;
				GCC_C_LANGUAGE_STANDARD = gnu11;
				GCC_NO_COMMON_BLOCKS = YES;
				GCC_WARN_64_TO_32_BIT_CONVERSION = YES;
				GCC_WARN_ABOUT_RETURN_TYPE = YES_ERROR;
				GCC_WARN_UNDECLARED_SELECTOR = YES;
				GCC_WARN_UNINITIALIZED_AUTOS = YES_AGGRESSIVE;
				GCC_WARN_UNUSED_FUNCTION = YES;
				GCC_WARN_UNUSED_VARIABLE = YES;
				IPHONEOS_DEPLOYMENT_TARGET = 12.4;
				MTL_ENABLE_DEBUG_INFO = NO;
				MTL_FAST_MATH = YES;
				SDKROOT = iphoneos;
				SWIFT_COMPILATION_MODE = wholemodule;
				SWIFT_OPTIMIZATION_LEVEL = "-O";
				VALIDATE_PRODUCT = YES;
			};
			name = Release;
		};
		C95011F22310CA6600D739CB /* Debug */ = {
			isa = XCBuildConfiguration;
			baseConfigurationReference = C62BACACBB340097F784BF6B /* Pods-feather-weather-2.0.debug.xcconfig */;
			buildSettings = {
				ASSETCATALOG_COMPILER_APPICON_NAME = AppIcon;
				CODE_SIGN_STYLE = Automatic;
				DEVELOPMENT_TEAM = LHA26YC34F;
				INFOPLIST_FILE = "feather-weather-2.0/Info.plist";
				LD_RUNPATH_SEARCH_PATHS = (
					"$(inherited)",
					"@executable_path/Frameworks",
				);
				PRODUCT_BUNDLE_IDENTIFIER = "mukh.io.feather-weather-2-0";
				PRODUCT_NAME = "$(TARGET_NAME)";
				SWIFT_VERSION = 5.0;
				TARGETED_DEVICE_FAMILY = "1,2";
			};
			name = Debug;
		};
		C95011F32310CA6600D739CB /* Release */ = {
			isa = XCBuildConfiguration;
			baseConfigurationReference = F6C056CB065549FCC8CDB8EE /* Pods-feather-weather-2.0.release.xcconfig */;
			buildSettings = {
				ASSETCATALOG_COMPILER_APPICON_NAME = AppIcon;
				CODE_SIGN_STYLE = Automatic;
				DEVELOPMENT_TEAM = LHA26YC34F;
				INFOPLIST_FILE = "feather-weather-2.0/Info.plist";
				LD_RUNPATH_SEARCH_PATHS = (
					"$(inherited)",
					"@executable_path/Frameworks",
				);
				PRODUCT_BUNDLE_IDENTIFIER = "mukh.io.feather-weather-2-0";
				PRODUCT_NAME = "$(TARGET_NAME)";
				SWIFT_VERSION = 5.0;
				TARGETED_DEVICE_FAMILY = "1,2";
			};
			name = Release;
		};
		C95011F52310CA6600D739CB /* Debug */ = {
			isa = XCBuildConfiguration;
			baseConfigurationReference = B0C8232BAD038D552F57A614 /* Pods-feather-weather-2.0Tests.debug.xcconfig */;
			buildSettings = {
				ALWAYS_EMBED_SWIFT_STANDARD_LIBRARIES = YES;
				BUNDLE_LOADER = "$(TEST_HOST)";
				CODE_SIGN_STYLE = Automatic;
				DEVELOPMENT_TEAM = LHA26YC34F;
				INFOPLIST_FILE = "feather-weather-2.0Tests/Info.plist";
				LD_RUNPATH_SEARCH_PATHS = (
					"$(inherited)",
					"@executable_path/Frameworks",
					"@loader_path/Frameworks",
				);
				PRODUCT_BUNDLE_IDENTIFIER = "mukh.io.feather-weather-2-0Tests";
				PRODUCT_NAME = "$(TARGET_NAME)";
				SWIFT_VERSION = 5.0;
				TARGETED_DEVICE_FAMILY = "1,2";
				TEST_HOST = "$(BUILT_PRODUCTS_DIR)/feather-weather-2.0.app/feather-weather-2.0";
			};
			name = Debug;
		};
		C95011F62310CA6600D739CB /* Release */ = {
			isa = XCBuildConfiguration;
			baseConfigurationReference = 5895763833ED2C09D8D94943 /* Pods-feather-weather-2.0Tests.release.xcconfig */;
			buildSettings = {
				ALWAYS_EMBED_SWIFT_STANDARD_LIBRARIES = YES;
				BUNDLE_LOADER = "$(TEST_HOST)";
				CODE_SIGN_STYLE = Automatic;
				DEVELOPMENT_TEAM = LHA26YC34F;
				INFOPLIST_FILE = "feather-weather-2.0Tests/Info.plist";
				LD_RUNPATH_SEARCH_PATHS = (
					"$(inherited)",
					"@executable_path/Frameworks",
					"@loader_path/Frameworks",
				);
				PRODUCT_BUNDLE_IDENTIFIER = "mukh.io.feather-weather-2-0Tests";
				PRODUCT_NAME = "$(TARGET_NAME)";
				SWIFT_VERSION = 5.0;
				TARGETED_DEVICE_FAMILY = "1,2";
				TEST_HOST = "$(BUILT_PRODUCTS_DIR)/feather-weather-2.0.app/feather-weather-2.0";
			};
			name = Release;
		};
		C95011F82310CA6600D739CB /* Debug */ = {
			isa = XCBuildConfiguration;
			baseConfigurationReference = 679232AF7737A346606A301E /* Pods-feather-weather-2.0UITests.debug.xcconfig */;
			buildSettings = {
				ALWAYS_EMBED_SWIFT_STANDARD_LIBRARIES = YES;
				CODE_SIGN_STYLE = Automatic;
				DEVELOPMENT_TEAM = LHA26YC34F;
				INFOPLIST_FILE = "feather-weather-2.0UITests/Info.plist";
				LD_RUNPATH_SEARCH_PATHS = (
					"$(inherited)",
					"@executable_path/Frameworks",
					"@loader_path/Frameworks",
				);
				PRODUCT_BUNDLE_IDENTIFIER = "mukh.io.feather-weather-2-0UITests";
				PRODUCT_NAME = "$(TARGET_NAME)";
				SWIFT_VERSION = 5.0;
				TARGETED_DEVICE_FAMILY = "1,2";
				TEST_TARGET_NAME = "feather-weather-2.0";
			};
			name = Debug;
		};
		C95011F92310CA6600D739CB /* Release */ = {
			isa = XCBuildConfiguration;
			baseConfigurationReference = C0A739442A6B251AA42AE17C /* Pods-feather-weather-2.0UITests.release.xcconfig */;
			buildSettings = {
				ALWAYS_EMBED_SWIFT_STANDARD_LIBRARIES = YES;
				CODE_SIGN_STYLE = Automatic;
				DEVELOPMENT_TEAM = LHA26YC34F;
				INFOPLIST_FILE = "feather-weather-2.0UITests/Info.plist";
				LD_RUNPATH_SEARCH_PATHS = (
					"$(inherited)",
					"@executable_path/Frameworks",
					"@loader_path/Frameworks",
				);
				PRODUCT_BUNDLE_IDENTIFIER = "mukh.io.feather-weather-2-0UITests";
				PRODUCT_NAME = "$(TARGET_NAME)";
				SWIFT_VERSION = 5.0;
				TARGETED_DEVICE_FAMILY = "1,2";
				TEST_TARGET_NAME = "feather-weather-2.0";
			};
			name = Release;
		};
/* End XCBuildConfiguration section */

/* Begin XCConfigurationList section */
		C95011C22310CA6500D739CB /* Build configuration list for PBXProject "feather-weather-2.0" */ = {
			isa = XCConfigurationList;
			buildConfigurations = (
				C95011EF2310CA6600D739CB /* Debug */,
				C95011F02310CA6600D739CB /* Release */,
			);
			defaultConfigurationIsVisible = 0;
			defaultConfigurationName = Release;
		};
		C95011F12310CA6600D739CB /* Build configuration list for PBXNativeTarget "feather-weather-2.0" */ = {
			isa = XCConfigurationList;
			buildConfigurations = (
				C95011F22310CA6600D739CB /* Debug */,
				C95011F32310CA6600D739CB /* Release */,
			);
			defaultConfigurationIsVisible = 0;
			defaultConfigurationName = Release;
		};
		C95011F42310CA6600D739CB /* Build configuration list for PBXNativeTarget "feather-weather-2.0Tests" */ = {
			isa = XCConfigurationList;
			buildConfigurations = (
				C95011F52310CA6600D739CB /* Debug */,
				C95011F62310CA6600D739CB /* Release */,
			);
			defaultConfigurationIsVisible = 0;
			defaultConfigurationName = Release;
		};
		C95011F72310CA6600D739CB /* Build configuration list for PBXNativeTarget "feather-weather-2.0UITests" */ = {
			isa = XCConfigurationList;
			buildConfigurations = (
				C95011F82310CA6600D739CB /* Debug */,
				C95011F92310CA6600D739CB /* Release */,
			);
			defaultConfigurationIsVisible = 0;
			defaultConfigurationName = Release;
		};
/* End XCConfigurationList section */
	};
	rootObject = C95011BF2310CA6500D739CB /* Project object */;
}
